
Microsoft Visual Studio Solution File, Format Version 12.00
# Visual Studio 2013
VisualStudioVersion = 12.0.31101.0
MinimumVisualStudioVersion = 10.0.40219.1
Project("{FAE04EC0-301F-11D3-BF4B-00C04F79EFBC}") = "UCommerceSync.Sitecore.UI", "UCommerceSync.Sitecore.UI\UCommerceSync.Sitecore.UI.csproj", "{EEAC4900-7650-4EDC-B675-37B349FD9C7C}"
EndProject
Project("{FAE04EC0-301F-11D3-BF4B-00C04F79EFBC}") = "UCommerceSync.Sitecore", "UCommerceSync.Sitecore\UCommerceSync.Sitecore.csproj", "{6894FE5E-F4C2-404F-918B-6E3AAA1C9BB0}"
EndProject
Global
	GlobalSection(SolutionConfigurationPlatforms) = preSolution
		Debug|Any CPU = Debug|Any CPU
		Release|Any CPU = Release|Any CPU
	EndGlobalSection
	GlobalSection(ProjectConfigurationPlatforms) = postSolution
		{EEAC4900-7650-4EDC-B675-37B349FD9C7C}.Debug|Any CPU.ActiveCfg = Debug|Any CPU
		{EEAC4900-7650-4EDC-B675-37B349FD9C7C}.Debug|Any CPU.Build.0 = Debug|Any CPU
		{EEAC4900-7650-4EDC-B675-37B349FD9C7C}.Release|Any CPU.ActiveCfg = Release|Any CPU
		{EEAC4900-7650-4EDC-B675-37B349FD9C7C}.Release|Any CPU.Build.0 = Release|Any CPU
		{6894FE5E-F4C2-404F-918B-6E3AAA1C9BB0}.Debug|Any CPU.ActiveCfg = Debug|Any CPU
		{6894FE5E-F4C2-404F-918B-6E3AAA1C9BB0}.Debug|Any CPU.Build.0 = Debug|Any CPU
		{6894FE5E-F4C2-404F-918B-6E3AAA1C9BB0}.Release|Any CPU.ActiveCfg = Release|Any CPU
		{6894FE5E-F4C2-404F-918B-6E3AAA1C9BB0}.Release|Any CPU.Build.0 = Release|Any CPU
	EndGlobalSection
	GlobalSection(SolutionProperties) = preSolution
		HideSolutionNode = FALSE
	EndGlobalSection
EndGlobal
